
Microsoft Visual Studio Solution File, Format Version 12.00
# Visual Studio Version 17
VisualStudioVersion = 17.13.35931.197 d17.13
MinimumVisualStudioVersion = 10.0.40219.1
Project("{8BC9CEB8-8B4A-11D0-8D11-00A0C91BC942}") = "Donkey Kong", "Donkey Kong\Donkey Kong.vcxproj", "{F8E21237-206F-4F3C-947D-442BF4A936F9}"
EndProject
Global
	GlobalSection(SolutionConfigurationPlatforms) = preSolution
		Debug|x64 = Debug|x64
		Debug|x86 = Debug|x86
		Release|x64 = Release|x64
		Release|x86 = Release|x86
	EndGlobalSection
	GlobalSection(ProjectConfigurationPlatforms) = postSolution
		{F8E21237-206F-4F3C-947D-442BF4A936F9}.Debug|x64.ActiveCfg = Debug|x64
		{F8E21237-206F-4F3C-947D-442BF4A936F9}.Debug|x64.Build.0 = Debug|x64
		{F8E21237-206F-4F3C-947D-442BF4A936F9}.Debug|x86.ActiveCfg = Debug|Win32
		{F8E21237-206F-4F3C-947D-442BF4A936F9}.Debug|x86.Build.0 = Debug|Win32
		{F8E21237-206F-4F3C-947D-442BF4A936F9}.Release|x64.ActiveCfg = Release|x64
		{F8E21237-206F-4F3C-947D-442BF4A936F9}.Release|x64.Build.0 = Release|x64
		{F8E21237-206F-4F3C-947D-442BF4A936F9}.Release|x86.ActiveCfg = Release|Win32
		{F8E21237-206F-4F3C-947D-442BF4A936F9}.Release|x86.Build.0 = Release|Win32
	EndGlobalSection
	GlobalSection(SolutionProperties) = preSolution
		HideSolutionNode = FALSE
	EndGlobalSection
	GlobalSection(ExtensibilityGlobals) = postSolution
		SolutionGuid = {EACA12E4-4CEB-41F7-811C-B06A1D81ADBC}
	EndGlobalSection
EndGlobal
